<?xml version="1.0" encoding="utf-8"?>
<Project ToolsVersion="4.0" xmlns="http://schemas.microsoft.com/developer/msbuild/2003">
  <ItemGroup>
    <Filter Include="core">
      <UniqueIdentifier>{93995380-89BD-4b04-88EB-625FBE52EBFB}</UniqueIdentifier>
      <Extensions>h;hh;hpp;hxx;h++;hm;inl;inc;ipp;xsd</Extensions>
    </Filter>
    <Filter Include="control">
      <UniqueIdentifier>{11854a1c-a849-45c9-9185-5c513aab2467}</UniqueIdentifier>
    </Filter>
  </ItemGroup>
  <ItemGroup>
    <ClCompile Include="main.cpp" />
    <ClCompile Include="core\proc_info.cpp">
      <Filter>core</Filter>
    </ClCompile>
    <ClCompile Include="core\proc_table.cpp">
      <Filter>core</Filter>
    </ClCompile>
    <ClCompile Include="core\handle.cpp">
      <Filter>core</Filter>
    </ClCompile>
    <ClCompile Include="control\command.cpp">
      <Filter>control</Filter>
    </ClCompile>
    <ClCompile Include="control\context.cpp">
      <Filter>control</Filter>
    </ClCompile>
    <ClCompile Include="control\state_choose_proc.cpp">
      <Filter>control</Filter>
    </ClCompile>
    <ClCompile Include="control\state_create_filter.cpp">
      <Filter>control</Filter>
    </ClCompile>
    <ClCompile Include="control\state_exit.cpp">
      <Filter>control</Filter>
    </ClCompile>
    <ClCompile Include="control\state_search.cpp">
      <Filter>control</Filter>
    </ClCompile>
    <ClCompile Include="control\ui.cpp">
      <Filter>control</Filter>
    </ClCompile>
    <ClCompile Include="control\ui_stm.cpp">
      <Filter>control</Filter>
    </ClCompile>
    <ClCompile Include="core\filter_value.cpp">
      <Filter>core</Filter>
    </ClCompile>
    <ClCompile Include="core\proc_reader.cpp">
      <Filter>core</Filter>
    </ClCompile>
    <ClCompile Include="control\state_show_search_result.cpp">
      <Filter>control</Filter>
    </ClCompile>
    <ClCompile Include="control\state_update_filter_value.cpp">
      <Filter>control</Filter>
    </ClCompile>
    <ClCompile Include="control\filter_reader_value.cpp">
      <Filter>control</Filter>
    </ClCompile>
  </ItemGroup>
  <ItemGroup>
    <ClInclude Include="core\handle.h">
      <Filter>core</Filter>
    </ClInclude>
    <ClInclude Include="core\proc_info.h">
      <Filter>core</Filter>
    </ClInclude>
    <ClInclude Include="core\proc_table.h">
      <Filter>core</Filter>
    </ClInclude>
    <ClInclude Include="control\command.h">
      <Filter>control</Filter>
    </ClInclude>
    <ClInclude Include="control\context.h">
      <Filter>control</Filter>
    </ClInclude>
    <ClInclude Include="control\event.h">
      <Filter>control</Filter>
    </ClInclude>
    <ClInclude Include="control\state.h">
      <Filter>control</Filter>
    </ClInclude>
    <ClInclude Include="control\state_choose_proc.h">
      <Filter>control</Filter>
    </ClInclude>
    <ClInclude Include="control\state_create_filter.h">
      <Filter>control</Filter>
    </ClInclude>
    <ClInclude Include="control\state_exit.h">
      <Filter>control</Filter>
    </ClInclude>
    <ClInclude Include="control\state_search.h">
      <Filter>control</Filter>
    </ClInclude>
    <ClInclude Include="control\transitions.h">
      <Filter>control</Filter>
    </ClInclude>
    <ClInclude Include="control\ui.h">
      <Filter>control</Filter>
    </ClInclude>
    <ClInclude Include="control\ui_stm.h">
      <Filter>control</Filter>
    </ClInclude>
    <ClInclude Include="core\filter_value.h">
      <Filter>core</Filter>
    </ClInclude>
    <ClInclude Include="core\proc_reader.h">
      <Filter>core</Filter>
    </ClInclude>
    <ClInclude Include="core\proc_pointer.h">
      <Filter>core</Filter>
    </ClInclude>
    <ClInclude Include="control\state_show_search_result.h">
      <Filter>control</Filter>
    </ClInclude>
    <ClInclude Include="control\state_update_filter_value.h">
      <Filter>control</Filter>
    </ClInclude>
    <ClInclude Include="control\filter_reader_value.h">
      <Filter>control</Filter>
    </ClInclude>
  </ItemGroup>
</Project>