<?xml version="1.0" encoding="utf-8"?>
<Project ToolsVersion="4.0" xmlns="http://schemas.microsoft.com/developer/msbuild/2003">
  <ItemGroup>
    <Filter Include="Source Files">
      <UniqueIdentifier>{4FC737F1-C7A5-4376-A066-2A32D752A2FF}</UniqueIdentifier>
      <Extensions>cpp;c;cc;cxx;c++;cppm;ixx;def;odl;idl;hpj;bat;asm;asmx</Extensions>
    </Filter>
    <Filter Include="Header Files">
      <UniqueIdentifier>{93995380-89BD-4b04-88EB-625FBE52EBFB}</UniqueIdentifier>
      <Extensions>h;hh;hpp;hxx;h++;hm;inl;inc;ipp;xsd</Extensions>
    </Filter>
  </ItemGroup>
  <ItemGroup>
    <ClInclude Include="console.h">
      <Filter>Header Files</Filter>
    </ClInclude>
    <ClInclude Include="filter_equal.h">
      <Filter>Header Files</Filter>
    </ClInclude>
    <ClInclude Include="proc_handle.h">
      <Filter>Header Files</Filter>
    </ClInclude>
    <ClInclude Include="parallel.h">
      <Filter>Header Files</Filter>
    </ClInclude>
    <ClInclude Include="proc_info.h">
      <Filter>Header Files</Filter>
    </ClInclude>
    <ClInclude Include="proc_pointer.h">
      <Filter>Header Files</Filter>
    </ClInclude>
    <ClInclude Include="proc_reader.h">
      <Filter>Header Files</Filter>
    </ClInclude>
    <ClInclude Include="proc_table.h">
      <Filter>Header Files</Filter>
    </ClInclude>
    <ClInclude Include="proc_writer.h">
      <Filter>Header Files</Filter>
    </ClInclude>
    <ClInclude Include="traits.h">
      <Filter>Header Files</Filter>
    </ClInclude>
    <ClInclude Include="value.h">
      <Filter>Header Files</Filter>
    </ClInclude>
    <ClInclude Include="filter_range.h">
      <Filter>Header Files</Filter>
    </ClInclude>
    <ClInclude Include="filter.h">
      <Filter>Header Files</Filter>
    </ClInclude>
    <ClInclude Include="filter_none.h">
      <Filter>Header Files</Filter>
    </ClInclude>
    <ClInclude Include="filter_more.h">
      <Filter>Header Files</Filter>
    </ClInclude>
    <ClInclude Include="filter_less.h">
      <Filter>Header Files</Filter>
    </ClInclude>
    <ClInclude Include="type_desc.h">
      <Filter>Header Files</Filter>
    </ClInclude>
    <ClInclude Include="value_type.h">
      <Filter>Header Files</Filter>
    </ClInclude>
    <ClInclude Include="search_result.h">
      <Filter>Header Files</Filter>
    </ClInclude>
    <ClInclude Include="memory_block.h">
      <Filter>Header Files</Filter>
    </ClInclude>
    <ClInclude Include="memory_value.h">
      <Filter>Header Files</Filter>
    </ClInclude>
    <ClInclude Include="filter_base.h">
      <Filter>Header Files</Filter>
    </ClInclude>
    <ClInclude Include="string_split.h">
      <Filter>Header Files</Filter>
    </ClInclude>
  </ItemGroup>
  <ItemGroup>
    <ClCompile Include="console.cpp">
      <Filter>Source Files</Filter>
    </ClCompile>
    <ClCompile Include="filter_equal.cpp">
      <Filter>Source Files</Filter>
    </ClCompile>
    <ClCompile Include="proc_handle.cpp">
      <Filter>Source Files</Filter>
    </ClCompile>
    <ClCompile Include="parallel.cpp">
      <Filter>Source Files</Filter>
    </ClCompile>
    <ClCompile Include="proc_info.cpp">
      <Filter>Source Files</Filter>
    </ClCompile>
    <ClCompile Include="proc_pointer.cpp">
      <Filter>Source Files</Filter>
    </ClCompile>
    <ClCompile Include="proc_table.cpp">
      <Filter>Source Files</Filter>
    </ClCompile>
    <ClCompile Include="proc_writer.cpp">
      <Filter>Source Files</Filter>
    </ClCompile>
    <ClCompile Include="value.cpp">
      <Filter>Source Files</Filter>
    </ClCompile>
    <ClCompile Include="filter_range.cpp">
      <Filter>Source Files</Filter>
    </ClCompile>
    <ClCompile Include="filter_none.cpp">
      <Filter>Source Files</Filter>
    </ClCompile>
    <ClCompile Include="filter.cpp">
      <Filter>Source Files</Filter>
    </ClCompile>
    <ClCompile Include="filter_more.cpp">
      <Filter>Source Files</Filter>
    </ClCompile>
    <ClCompile Include="filter_less.cpp">
      <Filter>Source Files</Filter>
    </ClCompile>
    <ClCompile Include="type_desc.cpp">
      <Filter>Source Files</Filter>
    </ClCompile>
    <ClCompile Include="memory_block.cpp">
      <Filter>Source Files</Filter>
    </ClCompile>
    <ClCompile Include="search_result.cpp">
      <Filter>Source Files</Filter>
    </ClCompile>
    <ClCompile Include="memory_value.cpp">
      <Filter>Source Files</Filter>
    </ClCompile>
    <ClCompile Include="filter_base.cpp">
      <Filter>Source Files</Filter>
    </ClCompile>
    <ClCompile Include="value_type.cpp">
      <Filter>Source Files</Filter>
    </ClCompile>
  </ItemGroup>
</Project>