<?xml version="1.0" encoding="utf-8"?>
<Project ToolsVersion="4.0" xmlns="http://schemas.microsoft.com/developer/msbuild/2003">
  <ItemGroup>
    <Filter Include="tests">
      <UniqueIdentifier>{4FC737F1-C7A5-4376-A066-2A32D752A2FF}</UniqueIdentifier>
      <Extensions>cpp;c;cc;cxx;c++;cppm;ixx;def;odl;idl;hpj;bat;asm;asmx</Extensions>
    </Filter>
    <Filter Include="utils">
      <UniqueIdentifier>{4ff4179b-5c25-498a-96b0-42e1e1d6037e}</UniqueIdentifier>
    </Filter>
  </ItemGroup>
  <ItemGroup>
    <None Include="packages.config" />
  </ItemGroup>
  <ItemGroup>
    <ClCompile Include="main.cpp">
      <Filter>tests</Filter>
    </ClCompile>
    <ClCompile Include="ut-proc_table.cpp">
      <Filter>tests</Filter>
    </ClCompile>
    <ClCompile Include="ut-proc_reader.cpp">
      <Filter>tests</Filter>
    </ClCompile>
    <ClCompile Include="$(MSBuildThisFileDirectory)..\..\lib\native\src\gtest\gtest-all.cc">
      <Filter>tests</Filter>
    </ClCompile>
    <ClCompile Include="$(MSBuildThisFileDirectory)..\..\lib\native\src\gmock\gmock-all.cc">
      <Filter>tests</Filter>
    </ClCompile>
    <ClCompile Include="ut-proc_writer.cpp">
      <Filter>tests</Filter>
    </ClCompile>
    <ClCompile Include="ut-asker.cpp">
      <Filter>tests</Filter>
    </ClCompile>
    <ClCompile Include="utils.cpp">
      <Filter>utils</Filter>
    </ClCompile>
    <ClCompile Include="ut-filter_range.cpp">
      <Filter>tests</Filter>
    </ClCompile>
    <ClCompile Include="ut-filter_more.cpp">
      <Filter>tests</Filter>
    </ClCompile>
    <ClCompile Include="ut-filter_less.cpp">
      <Filter>tests</Filter>
    </ClCompile>
    <ClCompile Include="ut-type_desc.cpp">
      <Filter>tests</Filter>
    </ClCompile>
    <ClCompile Include="ut-traits.cpp">
      <Filter>tests</Filter>
    </ClCompile>
  </ItemGroup>
  <ItemGroup>
    <ClInclude Include="ut-proc_reader.h">
      <Filter>tests</Filter>
    </ClInclude>
    <ClInclude Include="ut-proc_writer.h">
      <Filter>tests</Filter>
    </ClInclude>
    <ClInclude Include="utils.h">
      <Filter>utils</Filter>
    </ClInclude>
    <ClInclude Include="ut-filter_range.h">
      <Filter>tests</Filter>
    </ClInclude>
    <ClInclude Include="ut-filter_more.h">
      <Filter>tests</Filter>
    </ClInclude>
    <ClInclude Include="ut-filter_less.h">
      <Filter>tests</Filter>
    </ClInclude>
    <ClInclude Include="ut-type_desc.h">
      <Filter>tests</Filter>
    </ClInclude>
  </ItemGroup>
</Project>