<?xml version="1.0" encoding="utf-8"?>
<Project ToolsVersion="4.0" xmlns="http://schemas.microsoft.com/developer/msbuild/2003">
  <ItemGroup>
    <Filter Include="tests">
      <UniqueIdentifier>{4FC737F1-C7A5-4376-A066-2A32D752A2FF}</UniqueIdentifier>
      <Extensions>cpp;c;cc;cxx;c++;cppm;ixx;def;odl;idl;hpj;bat;asm;asmx</Extensions>
    </Filter>
  </ItemGroup>
  <ItemGroup>
    <None Include="packages.config" />
  </ItemGroup>
  <ItemGroup>
    <ClCompile Include="main.cpp">
      <Filter>tests</Filter>
    </ClCompile>
    <ClCompile Include="ut-proc_table.cpp">
      <Filter>tests</Filter>
    </ClCompile>
    <ClCompile Include="ut-proc_reader.cpp">
      <Filter>tests</Filter>
    </ClCompile>
    <ClCompile Include="$(MSBuildThisFileDirectory)..\..\lib\native\src\gtest\gtest-all.cc">
      <Filter>tests</Filter>
    </ClCompile>
    <ClCompile Include="$(MSBuildThisFileDirectory)..\..\lib\native\src\gmock\gmock-all.cc">
      <Filter>tests</Filter>
    </ClCompile>
    <ClCompile Include="ut-value.cpp">
      <Filter>tests</Filter>
    </ClCompile>
  </ItemGroup>
  <ItemGroup>
    <ClInclude Include="ut-value.h">
      <Filter>tests</Filter>
    </ClInclude>
    <ClInclude Include="ut-proc_reader.h">
      <Filter>tests</Filter>
    </ClInclude>
  </ItemGroup>
</Project>