<?xml version="1.0" encoding="utf-8"?>
<Project ToolsVersion="4.0" xmlns="http://schemas.microsoft.com/developer/msbuild/2003">
  <ItemGroup>
    <Filter Include="Source Files">
      <UniqueIdentifier>{4FC737F1-C7A5-4376-A066-2A32D752A2FF}</UniqueIdentifier>
      <Extensions>cpp;c;cc;cxx;c++;cppm;ixx;def;odl;idl;hpj;bat;asm;asmx</Extensions>
    </Filter>
    <Filter Include="Header Files">
      <UniqueIdentifier>{93995380-89BD-4b04-88EB-625FBE52EBFB}</UniqueIdentifier>
      <Extensions>h;hh;hpp;hxx;h++;hm;inl;inc;ipp;xsd</Extensions>
    </Filter>
  </ItemGroup>
  <ItemGroup>
    <ClCompile Include="asker.cpp">
      <Filter>Source Files</Filter>
    </ClCompile>
    <ClCompile Include="command.cpp">
      <Filter>Source Files</Filter>
    </ClCompile>
    <ClCompile Include="context.cpp">
      <Filter>Source Files</Filter>
    </ClCompile>
    <ClCompile Include="filter_reader_value.cpp">
      <Filter>Source Files</Filter>
    </ClCompile>
    <ClCompile Include="intro_builder.cpp">
      <Filter>Source Files</Filter>
    </ClCompile>
    <ClCompile Include="state_base.cpp">
      <Filter>Source Files</Filter>
    </ClCompile>
    <ClCompile Include="state_choose_proc.cpp">
      <Filter>Source Files</Filter>
    </ClCompile>
    <ClCompile Include="state_create_filter.cpp">
      <Filter>Source Files</Filter>
    </ClCompile>
    <ClCompile Include="state_edit.cpp">
      <Filter>Source Files</Filter>
    </ClCompile>
    <ClCompile Include="state_exit.cpp">
      <Filter>Source Files</Filter>
    </ClCompile>
    <ClCompile Include="state_help.cpp">
      <Filter>Source Files</Filter>
    </ClCompile>
    <ClCompile Include="state_search.cpp">
      <Filter>Source Files</Filter>
    </ClCompile>
    <ClCompile Include="state_show_search_result.cpp">
      <Filter>Source Files</Filter>
    </ClCompile>
    <ClCompile Include="state_update_filter.cpp">
      <Filter>Source Files</Filter>
    </ClCompile>
    <ClCompile Include="ui.cpp">
      <Filter>Source Files</Filter>
    </ClCompile>
    <ClCompile Include="ui_stm.cpp">
      <Filter>Source Files</Filter>
    </ClCompile>
    <ClCompile Include="state_address.cpp">
      <Filter>Source Files</Filter>
    </ClCompile>
    <ClCompile Include="edit_table_entry.cpp">
      <Filter>Source Files</Filter>
    </ClCompile>
    <ClCompile Include="state.cpp">
      <Filter>Source Files</Filter>
    </ClCompile>
    <ClCompile Include="event.cpp">
      <Filter>Source Files</Filter>
    </ClCompile>
    <ClCompile Include="command_interrupt.cpp">
      <Filter>Source Files</Filter>
    </ClCompile>
    <ClCompile Include="serializer.cpp">
      <Filter>Source Files</Filter>
    </ClCompile>
    <ClCompile Include="deserializer.cpp">
      <Filter>Source Files</Filter>
    </ClCompile>
    <ClCompile Include="edit_table_reader.cpp">
      <Filter>Source Files</Filter>
    </ClCompile>
    <ClCompile Include="edit_table_writer.cpp">
      <Filter>Source Files</Filter>
    </ClCompile>
  </ItemGroup>
  <ItemGroup>
    <ClInclude Include="asker.h">
      <Filter>Header Files</Filter>
    </ClInclude>
    <ClInclude Include="command.h">
      <Filter>Header Files</Filter>
    </ClInclude>
    <ClInclude Include="context.h">
      <Filter>Header Files</Filter>
    </ClInclude>
    <ClInclude Include="event.h">
      <Filter>Header Files</Filter>
    </ClInclude>
    <ClInclude Include="filter_reader_value.h">
      <Filter>Header Files</Filter>
    </ClInclude>
    <ClInclude Include="intro_builder.h">
      <Filter>Header Files</Filter>
    </ClInclude>
    <ClInclude Include="state.h">
      <Filter>Header Files</Filter>
    </ClInclude>
    <ClInclude Include="state_base.h">
      <Filter>Header Files</Filter>
    </ClInclude>
    <ClInclude Include="state_choose_proc.h">
      <Filter>Header Files</Filter>
    </ClInclude>
    <ClInclude Include="state_create_filter.h">
      <Filter>Header Files</Filter>
    </ClInclude>
    <ClInclude Include="state_edit.h">
      <Filter>Header Files</Filter>
    </ClInclude>
    <ClInclude Include="state_exit.h">
      <Filter>Header Files</Filter>
    </ClInclude>
    <ClInclude Include="state_help.h">
      <Filter>Header Files</Filter>
    </ClInclude>
    <ClInclude Include="state_search.h">
      <Filter>Header Files</Filter>
    </ClInclude>
    <ClInclude Include="state_show_search_result.h">
      <Filter>Header Files</Filter>
    </ClInclude>
    <ClInclude Include="state_update_filter.h">
      <Filter>Header Files</Filter>
    </ClInclude>
    <ClInclude Include="transitions.h">
      <Filter>Header Files</Filter>
    </ClInclude>
    <ClInclude Include="ui.h">
      <Filter>Header Files</Filter>
    </ClInclude>
    <ClInclude Include="ui_stm.h">
      <Filter>Header Files</Filter>
    </ClInclude>
    <ClInclude Include="state_address.h">
      <Filter>Header Files</Filter>
    </ClInclude>
    <ClInclude Include="edit_table_entry.h">
      <Filter>Header Files</Filter>
    </ClInclude>
    <ClInclude Include="edit_table.h">
      <Filter>Header Files</Filter>
    </ClInclude>
    <ClInclude Include="command_interrupt.h">
      <Filter>Header Files</Filter>
    </ClInclude>
    <ClInclude Include="serializer.h">
      <Filter>Header Files</Filter>
    </ClInclude>
    <ClInclude Include="deserializer.h">
      <Filter>Header Files</Filter>
    </ClInclude>
    <ClInclude Include="edit_table_reader.h">
      <Filter>Header Files</Filter>
    </ClInclude>
    <ClInclude Include="edit_table_writer.h">
      <Filter>Header Files</Filter>
    </ClInclude>
    <ClInclude Include="log_wrapper.h">
      <Filter>Header Files</Filter>
    </ClInclude>
  </ItemGroup>
  <ItemGroup>
    <None Include="packages.config" />
  </ItemGroup>
</Project>